<?xml version="1.0" encoding="utf-8"?>
<Project ToolsVersion="4.0" xmlns="http://schemas.microsoft.com/developer/msbuild/2003">
  <ItemGroup>
    <Filter Include="Source Files">
      <UniqueIdentifier>{4FC737F1-C7A5-4376-A066-2A32D752A2FF}</UniqueIdentifier>
      <Extensions>cpp;cxx;c;def</Extensions>
    </Filter>
    <Filter Include="Header Files">
      <UniqueIdentifier>{93995380-89BD-4b04-88EB-625FBE52EBFB}</UniqueIdentifier>
      <Extensions>h</Extensions>
    </Filter>
    <Filter Include="Generated Files">
      <UniqueIdentifier>{71ED8ED8-ACB9-4CE9-BBE1-E00B30144E11}</UniqueIdentifier>
      <Extensions>moc;h;cpp</Extensions>
    </Filter>
    <Filter Include="Generated Files\Release">
      <UniqueIdentifier>{66b48e07-8328-4681-9a48-bd704a453980}</UniqueIdentifier>
      <Extensions>cpp;moc</Extensions>
      <SourceControlFiles>False</SourceControlFiles>
    </Filter>
    <Filter Include="Generated Files\Debug">
      <UniqueIdentifier>{62ba35dc-8d11-40ab-a7b2-9b5bc1ab4db8}</UniqueIdentifier>
      <Extensions>cpp;moc</Extensions>
      <SourceControlFiles>False</SourceControlFiles>
    </Filter>
    <Filter Include="DXUT">
      <UniqueIdentifier>{bd125052-ab26-40bc-b9e4-2ff2d4d13fe9}</UniqueIdentifier>
    </Filter>
    <Filter Include="Generated Files\Template">
      <UniqueIdentifier>{b992fd6a-43d1-4a0f-bfab-916e7d11eabe}</UniqueIdentifier>
      <Extensions>cpp;moc</Extensions>
      <SourceControlFiles>False</SourceControlFiles>
    </Filter>
  </ItemGroup>
  <ItemGroup>
    <ClCompile Include="DXUT\Core\DXUT.cpp">
      <Filter>DXUT</Filter>
    </ClCompile>
    <ClCompile Include="DXUT\Optional\DXUTcamera.cpp">
      <Filter>DXUT</Filter>
    </ClCompile>
    <ClCompile Include="DXUT\Core\DXUTenum.cpp">
      <Filter>DXUT</Filter>
    </ClCompile>
    <ClCompile Include="DXUT\Optional\DXUTgui.cpp">
      <Filter>DXUT</Filter>
    </ClCompile>
    <ClCompile Include="DXUT\Core\DXUTmisc.cpp">
      <Filter>DXUT</Filter>
    </ClCompile>
    <ClCompile Include="DXUT\Optional\DXUTres.cpp">
      <Filter>DXUT</Filter>
    </ClCompile>
    <ClCompile Include="DXUT\Optional\DXUTsettingsdlg.cpp">
      <Filter>DXUT</Filter>
    </ClCompile>
    <ClCompile Include="DXUT\Optional\SDKmesh.cpp">
      <Filter>DXUT</Filter>
    </ClCompile>
    <ClCompile Include="DXUT\Optional\SDKmisc.cpp">
      <Filter>DXUT</Filter>
    </ClCompile>
    <ClCompile Include="SolarDataIO.cpp">
      <Filter>Source Files</Filter>
    </ClCompile>
    <ClCompile Include="Utils.cpp">
      <Filter>Source Files</Filter>
    </ClCompile>
    <ClCompile Include="D3DRasterizer.cpp">
      <Filter>Source Files</Filter>
    </ClCompile>
    <ClCompile Include="ExtrudeGeometryFilter2.cpp">
      <Filter>Source Files</Filter>
    </ClCompile>
    <ClCompile Include="GeometryWrapper.cpp">
      <Filter>Source Files</Filter>
    </ClCompile>
    <ClCompile Include="GrassSolar.cpp">
      <Filter>Source Files</Filter>
    </ClCompile>
  </ItemGroup>
  <ItemGroup>
    <CustomBuild Include="DXUT\Optional\directx.ico">
      <Filter>DXUT</Filter>
    </CustomBuild>
    <CustomBuild Include="DXUT\Core\DXUT.h">
      <Filter>DXUT</Filter>
    </CustomBuild>
    <CustomBuild Include="DXUT\Optional\DXUTcamera.h">
      <Filter>DXUT</Filter>
    </CustomBuild>
    <CustomBuild Include="DXUT\Core\DXUTenum.h">
      <Filter>DXUT</Filter>
    </CustomBuild>
    <CustomBuild Include="DXUT\Optional\DXUTgui.h">
      <Filter>DXUT</Filter>
    </CustomBuild>
    <CustomBuild Include="DXUT\Core\DXUTmisc.h">
      <Filter>DXUT</Filter>
    </CustomBuild>
    <CustomBuild Include="DXUT\Optional\DXUTres.h">
      <Filter>DXUT</Filter>
    </CustomBuild>
    <CustomBuild Include="DXUT\Optional\DXUTsettingsdlg.h">
      <Filter>DXUT</Filter>
    </CustomBuild>
    <CustomBuild Include="DXUT\Optional\SDKmesh.h">
      <Filter>DXUT</Filter>
    </CustomBuild>
    <CustomBuild Include="DXUT\Optional\SDKmisc.h">
      <Filter>DXUT</Filter>
    </CustomBuild>
    <CustomBuild Include="CudaRenderer.h">
      <Filter>Header Files</Filter>
    </CustomBuild>
    <CustomBuild Include="CudaTools.h">
      <Filter>Header Files</Filter>
    </CustomBuild>
    <CustomBuild Include="D3DRasterizer.h">
      <Filter>Header Files</Filter>
    </CustomBuild>
    <CustomBuild Include="GeometryWrapper.h">
      <Filter>Header Files</Filter>
    </CustomBuild>
    <CustomBuild Include="GrassSolar.h">
      <Filter>Header Files</Filter>
    </CustomBuild>
    <CustomBuild Include="Utils.h">
      <Filter>Header Files</Filter>
    </CustomBuild>
  </ItemGroup>
  <ItemGroup>
    <ClInclude Include="SolarDataIO.h">
      <Filter>Header Files</Filter>
    </ClInclude>
    <ClInclude Include="ExtrudeGeometryFilter2.h">
      <Filter>Header Files</Filter>
    </ClInclude>
    <ClInclude Include="TexturedDrawable.h">
      <Filter>Header Files</Filter>
    </ClInclude>
  </ItemGroup>
  <ItemGroup>
    <CudaCompile Include="CudaRenderer.cu">
      <Filter>Source Files</Filter>
    </CudaCompile>
  </ItemGroup>
</Project>